
Microsoft Visual Studio Solution File, Format Version 12.00
# Visual Studio Version 17
VisualStudioVersion = 17.10.34928.147
MinimumVisualStudioVersion = 10.0.40219.1
Project("{9A19103F-16F7-4668-BE54-9A1E7A4F7556}") = "NanoFinanceTracker.WebApi", "NanoFinanceTracker.WebApi\NanoFinanceTracker.WebApi.csproj", "{7329BA21-D047-4F5D-B4AE-B5BCCE53088A}"
EndProject
Project("{9A19103F-16F7-4668-BE54-9A1E7A4F7556}") = "NanoFinanceTracker.Core", "NanoFinanceTracker.Core\NanoFinanceTracker.Core.csproj", "{0D6A03C1-4479-4269-8C1C-A013DDB35DF0}"
EndProject
Project("{FAE04EC0-301F-11D3-BF4B-00C04F79EFBC}") = "NanoFinanceTracker.Tests", "NanoFinanceTracker.Tests\NanoFinanceTracker.Tests.csproj", "{86AC6A1A-924E-4B39-9BAA-2DB58CE95ACC}"
EndProject
Global
	GlobalSection(SolutionConfigurationPlatforms) = preSolution
		Debug|Any CPU = Debug|Any CPU
		Release|Any CPU = Release|Any CPU
	EndGlobalSection
	GlobalSection(ProjectConfigurationPlatforms) = postSolution
		{7329BA21-D047-4F5D-B4AE-B5BCCE53088A}.Debug|Any CPU.ActiveCfg = Debug|Any CPU
		{7329BA21-D047-4F5D-B4AE-B5BCCE53088A}.Debug|Any CPU.Build.0 = Debug|Any CPU
		{7329BA21-D047-4F5D-B4AE-B5BCCE53088A}.Release|Any CPU.ActiveCfg = Release|Any CPU
		{7329BA21-D047-4F5D-B4AE-B5BCCE53088A}.Release|Any CPU.Build.0 = Release|Any CPU
		{0D6A03C1-4479-4269-8C1C-A013DDB35DF0}.Debug|Any CPU.ActiveCfg = Debug|Any CPU
		{0D6A03C1-4479-4269-8C1C-A013DDB35DF0}.Debug|Any CPU.Build.0 = Debug|Any CPU
		{0D6A03C1-4479-4269-8C1C-A013DDB35DF0}.Release|Any CPU.ActiveCfg = Release|Any CPU
		{0D6A03C1-4479-4269-8C1C-A013DDB35DF0}.Release|Any CPU.Build.0 = Release|Any CPU
		{86AC6A1A-924E-4B39-9BAA-2DB58CE95ACC}.Debug|Any CPU.ActiveCfg = Debug|Any CPU
		{86AC6A1A-924E-4B39-9BAA-2DB58CE95ACC}.Debug|Any CPU.Build.0 = Debug|Any CPU
		{86AC6A1A-924E-4B39-9BAA-2DB58CE95ACC}.Release|Any CPU.ActiveCfg = Release|Any CPU
		{86AC6A1A-924E-4B39-9BAA-2DB58CE95ACC}.Release|Any CPU.Build.0 = Release|Any CPU
	EndGlobalSection
	GlobalSection(SolutionProperties) = preSolution
		HideSolutionNode = FALSE
	EndGlobalSection
	GlobalSection(ExtensibilityGlobals) = postSolution
		SolutionGuid = {A049C1FD-65DE-4CAF-BE2A-22BDC2ED8E0A}
	EndGlobalSection
EndGlobal
